
Microsoft Visual Studio Solution File, Format Version 12.00
# Visual Studio 14
VisualStudioVersion = 14.0.24720.0
MinimumVisualStudioVersion = 10.0.40219.1
Project("{8BC9CEB8-8B4A-11D0-8D11-00A0C91BC942}") = "SimulantCore", "SimulantCore\SimulantCore.vcxproj", "{6F895866-FA13-443B-A8B7-F7A3A5B0A294}"
EndProject
Project("{8BC9CEB8-8B4A-11D0-8D11-00A0C91BC942}") = "SimulantPlayWith", "SimulantPlayWith\SimulantPlayWith.vcxproj", "{FF38BF50-6A98-4D94-8B5C-2B17F1ADCD84}"
	ProjectSection(ProjectDependencies) = postProject
		{6F895866-FA13-443B-A8B7-F7A3A5B0A294} = {6F895866-FA13-443B-A8B7-F7A3A5B0A294}
	EndProjectSection
EndProject
Project("{8BC9CEB8-8B4A-11D0-8D11-00A0C91BC942}") = "SimulantGUI", "SimulantGUI\SimulantGUI.vcxproj", "{C3D5A744-CAA2-4039-ACAF-E403543D1946}"
EndProject
Project("{8BC9CEB8-8B4A-11D0-8D11-00A0C91BC942}") = "Game21Console", "Game21Console\Game21Console.vcxproj", "{753701CF-4C19-4B0F-84FB-4A706DDE3C15}"
	ProjectSection(ProjectDependencies) = postProject
		{6F895866-FA13-443B-A8B7-F7A3A5B0A294} = {6F895866-FA13-443B-A8B7-F7A3A5B0A294}
		{1FBB00EE-0B4A-4958-802B-C7975499C0F9} = {1FBB00EE-0B4A-4958-802B-C7975499C0F9}
	EndProjectSection
EndProject
Project("{8BC9CEB8-8B4A-11D0-8D11-00A0C91BC942}") = "Game21GUI", "Game21GUI\Game21GUI.vcxproj", "{6BD88DB0-96EE-4351-8D35-F5B48F689C69}"
	ProjectSection(ProjectDependencies) = postProject
		{C3D5A744-CAA2-4039-ACAF-E403543D1946} = {C3D5A744-CAA2-4039-ACAF-E403543D1946}
		{6F895866-FA13-443B-A8B7-F7A3A5B0A294} = {6F895866-FA13-443B-A8B7-F7A3A5B0A294}
		{1FBB00EE-0B4A-4958-802B-C7975499C0F9} = {1FBB00EE-0B4A-4958-802B-C7975499C0F9}
	EndProjectSection
EndProject
Project("{8BC9CEB8-8B4A-11D0-8D11-00A0C91BC942}") = "Game21", "Game21\Game21.vcxproj", "{1FBB00EE-0B4A-4958-802B-C7975499C0F9}"
EndProject
Project("{8BC9CEB8-8B4A-11D0-8D11-00A0C91BC942}") = "Game17", "Game17\Game17.vcxproj", "{E64C9BA1-899D-4CBF-AA36-BEF4E1E06E0F}"
EndProject
Global
	GlobalSection(SolutionConfigurationPlatforms) = preSolution
		Debug|x64 = Debug|x64
		Debug|x86 = Debug|x86
		Release|x64 = Release|x64
		Release|x86 = Release|x86
	EndGlobalSection
	GlobalSection(ProjectConfigurationPlatforms) = postSolution
		{6F895866-FA13-443B-A8B7-F7A3A5B0A294}.Debug|x64.ActiveCfg = Debug|x64
		{6F895866-FA13-443B-A8B7-F7A3A5B0A294}.Debug|x64.Build.0 = Debug|x64
		{6F895866-FA13-443B-A8B7-F7A3A5B0A294}.Debug|x86.ActiveCfg = Debug|Win32
		{6F895866-FA13-443B-A8B7-F7A3A5B0A294}.Debug|x86.Build.0 = Debug|Win32
		{6F895866-FA13-443B-A8B7-F7A3A5B0A294}.Release|x64.ActiveCfg = Release|x64
		{6F895866-FA13-443B-A8B7-F7A3A5B0A294}.Release|x64.Build.0 = Release|x64
		{6F895866-FA13-443B-A8B7-F7A3A5B0A294}.Release|x86.ActiveCfg = Release|Win32
		{6F895866-FA13-443B-A8B7-F7A3A5B0A294}.Release|x86.Build.0 = Release|Win32
		{FF38BF50-6A98-4D94-8B5C-2B17F1ADCD84}.Debug|x64.ActiveCfg = Debug|x64
		{FF38BF50-6A98-4D94-8B5C-2B17F1ADCD84}.Debug|x64.Build.0 = Debug|x64
		{FF38BF50-6A98-4D94-8B5C-2B17F1ADCD84}.Debug|x86.ActiveCfg = Debug|Win32
		{FF38BF50-6A98-4D94-8B5C-2B17F1ADCD84}.Debug|x86.Build.0 = Debug|Win32
		{FF38BF50-6A98-4D94-8B5C-2B17F1ADCD84}.Release|x64.ActiveCfg = Release|x64
		{FF38BF50-6A98-4D94-8B5C-2B17F1ADCD84}.Release|x64.Build.0 = Release|x64
		{FF38BF50-6A98-4D94-8B5C-2B17F1ADCD84}.Release|x86.ActiveCfg = Release|Win32
		{FF38BF50-6A98-4D94-8B5C-2B17F1ADCD84}.Release|x86.Build.0 = Release|Win32
		{C3D5A744-CAA2-4039-ACAF-E403543D1946}.Debug|x64.ActiveCfg = Debug|x64
		{C3D5A744-CAA2-4039-ACAF-E403543D1946}.Debug|x64.Build.0 = Debug|x64
		{C3D5A744-CAA2-4039-ACAF-E403543D1946}.Debug|x86.ActiveCfg = Debug|Win32
		{C3D5A744-CAA2-4039-ACAF-E403543D1946}.Debug|x86.Build.0 = Debug|Win32
		{C3D5A744-CAA2-4039-ACAF-E403543D1946}.Release|x64.ActiveCfg = Release|x64
		{C3D5A744-CAA2-4039-ACAF-E403543D1946}.Release|x64.Build.0 = Release|x64
		{C3D5A744-CAA2-4039-ACAF-E403543D1946}.Release|x86.ActiveCfg = Release|Win32
		{C3D5A744-CAA2-4039-ACAF-E403543D1946}.Release|x86.Build.0 = Release|Win32
		{753701CF-4C19-4B0F-84FB-4A706DDE3C15}.Debug|x64.ActiveCfg = Debug|x64
		{753701CF-4C19-4B0F-84FB-4A706DDE3C15}.Debug|x64.Build.0 = Debug|x64
		{753701CF-4C19-4B0F-84FB-4A706DDE3C15}.Debug|x86.ActiveCfg = Debug|Win32
		{753701CF-4C19-4B0F-84FB-4A706DDE3C15}.Debug|x86.Build.0 = Debug|Win32
		{753701CF-4C19-4B0F-84FB-4A706DDE3C15}.Release|x64.ActiveCfg = Release|x64
		{753701CF-4C19-4B0F-84FB-4A706DDE3C15}.Release|x64.Build.0 = Release|x64
		{753701CF-4C19-4B0F-84FB-4A706DDE3C15}.Release|x86.ActiveCfg = Release|Win32
		{753701CF-4C19-4B0F-84FB-4A706DDE3C15}.Release|x86.Build.0 = Release|Win32
		{6BD88DB0-96EE-4351-8D35-F5B48F689C69}.Debug|x64.ActiveCfg = Debug|x64
		{6BD88DB0-96EE-4351-8D35-F5B48F689C69}.Debug|x64.Build.0 = Debug|x64
		{6BD88DB0-96EE-4351-8D35-F5B48F689C69}.Debug|x86.ActiveCfg = Debug|Win32
		{6BD88DB0-96EE-4351-8D35-F5B48F689C69}.Debug|x86.Build.0 = Debug|Win32
		{6BD88DB0-96EE-4351-8D35-F5B48F689C69}.Release|x64.ActiveCfg = Release|x64
		{6BD88DB0-96EE-4351-8D35-F5B48F689C69}.Release|x64.Build.0 = Release|x64
		{6BD88DB0-96EE-4351-8D35-F5B48F689C69}.Release|x86.ActiveCfg = Release|Win32
		{6BD88DB0-96EE-4351-8D35-F5B48F689C69}.Release|x86.Build.0 = Release|Win32
		{1FBB00EE-0B4A-4958-802B-C7975499C0F9}.Debug|x64.ActiveCfg = Debug|x64
		{1FBB00EE-0B4A-4958-802B-C7975499C0F9}.Debug|x64.Build.0 = Debug|x64
		{1FBB00EE-0B4A-4958-802B-C7975499C0F9}.Debug|x86.ActiveCfg = Debug|Win32
		{1FBB00EE-0B4A-4958-802B-C7975499C0F9}.Debug|x86.Build.0 = Debug|Win32
		{1FBB00EE-0B4A-4958-802B-C7975499C0F9}.Release|x64.ActiveCfg = Release|x64
		{1FBB00EE-0B4A-4958-802B-C7975499C0F9}.Release|x64.Build.0 = Release|x64
		{1FBB00EE-0B4A-4958-802B-C7975499C0F9}.Release|x86.ActiveCfg = Release|Win32
		{1FBB00EE-0B4A-4958-802B-C7975499C0F9}.Release|x86.Build.0 = Release|Win32
		{E64C9BA1-899D-4CBF-AA36-BEF4E1E06E0F}.Debug|x64.ActiveCfg = Debug|x64
		{E64C9BA1-899D-4CBF-AA36-BEF4E1E06E0F}.Debug|x64.Build.0 = Debug|x64
		{E64C9BA1-899D-4CBF-AA36-BEF4E1E06E0F}.Debug|x86.ActiveCfg = Debug|Win32
		{E64C9BA1-899D-4CBF-AA36-BEF4E1E06E0F}.Debug|x86.Build.0 = Debug|Win32
		{E64C9BA1-899D-4CBF-AA36-BEF4E1E06E0F}.Release|x64.ActiveCfg = Release|x64
		{E64C9BA1-899D-4CBF-AA36-BEF4E1E06E0F}.Release|x64.Build.0 = Release|x64
		{E64C9BA1-899D-4CBF-AA36-BEF4E1E06E0F}.Release|x86.ActiveCfg = Release|Win32
		{E64C9BA1-899D-4CBF-AA36-BEF4E1E06E0F}.Release|x86.Build.0 = Release|Win32
	EndGlobalSection
	GlobalSection(SolutionProperties) = preSolution
		HideSolutionNode = FALSE
	EndGlobalSection
EndGlobal
